
Microsoft Visual Studio Solution File, Format Version 12.00
# Visual Studio Version 17
VisualStudioVersion = 17.11.35312.102
MinimumVisualStudioVersion = 10.0.40219.1
Project("{9A19103F-16F7-4668-BE54-9A1E7A4F7556}") = "Filharmonia", "Filharmonia.csproj", "{34DA4573-D996-4E52-87FF-6A813AA811A5}"
EndProject
Project("{FAE04EC0-301F-11D3-BF4B-00C04F79EFBC}") = "Filharmonia.Tests", "..\Filharmonia.Tests\Filharmonia.Tests.csproj", "{F593A0DD-574C-44CB-BFBD-832040A51369}"
EndProject
Global
	GlobalSection(SolutionConfigurationPlatforms) = preSolution
		Debug|Any CPU = Debug|Any CPU
		Release|Any CPU = Release|Any CPU
	EndGlobalSection
	GlobalSection(ProjectConfigurationPlatforms) = postSolution
		{34DA4573-D996-4E52-87FF-6A813AA811A5}.Debug|Any CPU.ActiveCfg = Debug|Any CPU
		{34DA4573-D996-4E52-87FF-6A813AA811A5}.Debug|Any CPU.Build.0 = Debug|Any CPU
		{34DA4573-D996-4E52-87FF-6A813AA811A5}.Release|Any CPU.ActiveCfg = Release|Any CPU
		{34DA4573-D996-4E52-87FF-6A813AA811A5}.Release|Any CPU.Build.0 = Release|Any CPU
		{F593A0DD-574C-44CB-BFBD-832040A51369}.Debug|Any CPU.ActiveCfg = Debug|Any CPU
		{F593A0DD-574C-44CB-BFBD-832040A51369}.Debug|Any CPU.Build.0 = Debug|Any CPU
		{F593A0DD-574C-44CB-BFBD-832040A51369}.Release|Any CPU.ActiveCfg = Release|Any CPU
		{F593A0DD-574C-44CB-BFBD-832040A51369}.Release|Any CPU.Build.0 = Release|Any CPU
	EndGlobalSection
	GlobalSection(SolutionProperties) = preSolution
		HideSolutionNode = FALSE
	EndGlobalSection
	GlobalSection(ExtensibilityGlobals) = postSolution
		SolutionGuid = {E87A6349-878F-41BE-AD35-DFF6AB777CD1}
	EndGlobalSection
EndGlobal
